{
    "_readme": [
        "This file locks the dependencies of your project to a known state",
        "Read more about it at https://getcomposer.org/doc/01-basic-usage.md#installing-dependencies",
        "This file is @generated automatically"
    ],
    "content-hash": "f4388c70e5813b094b1b00a8a90d9d22",
    "packages": [
        {
            "name": "gizmore/php-filewalker",
            "version": "7.0.1",
            "source": {
                "type": "git",
                "url": "https://github.com/gizmore/php-filewalker",
                "reference": "main"
            },
            "type": "library"
        }
    ],
    "packages-dev": [],
    "aliases": [],
    "minimum-stability": "dev",
    "stability-flags": [],
    "prefer-stable": false,
    "prefer-lowest": false,
    "platform": {
        "php": ">=8.0"
    },
    "platform-dev": [],
    "plugin-api-version": "1.1.0"
}
